
Microsoft Visual Studio Solution File, Format Version 12.00
# Visual Studio Version 16
VisualStudioVersion = 16.0.29806.167
MinimumVisualStudioVersion = 10.0.40219.1
Project("{2150E333-8FDC-42A3-9474-1A3956D46DE8}") = "API", "API", "{33FEA9F1-74E2-4CE2-85DE-42EE0A3D7EEF}"
EndProject
Project("{2150E333-8FDC-42A3-9474-1A3956D46DE8}") = "Database", "Database", "{5934A692-23EA-4D09-AFAE-6E6C09F8AB18}"
EndProject
Project("{2150E333-8FDC-42A3-9474-1A3956D46DE8}") = "UI", "UI", "{B3EFCF19-BFEA-48DD-8A45-667164F9F018}"
EndProject
Project("{9A19103F-16F7-4668-BE54-9A1E7A4F7556}") = "Glosserie.WPF", "Glosserie.WPF\Glosserie.WPF.csproj", "{FAE49189-967F-480D-BB24-6DFB46D91046}"
EndProject
Project("{9A19103F-16F7-4668-BE54-9A1E7A4F7556}") = "Glosserie.WPF.Library", "Glosserie.WPF.Library\Glosserie.WPF.Library.csproj", "{CDA40495-27E4-431F-991D-D0ABCA6D223A}"
EndProject
Project("{00D1A9C2-B5F0-4AF3-8072-F6C62B433612}") = "Glosserie.SQL", "Glosserie.SQL\Glosserie.SQL.sqlproj", "{FD795809-4A86-437B-B632-1C7C3412F698}"
EndProject
Project("{FAE04EC0-301F-11D3-BF4B-00C04F79EFBC}") = "Glosserie.API", "Glosserie.API\Glosserie.API.csproj", "{6EEF7D94-5A7F-439A-A57E-0486041206C7}"
EndProject
Global
	GlobalSection(SolutionConfigurationPlatforms) = preSolution
		Debug|Any CPU = Debug|Any CPU
		Release|Any CPU = Release|Any CPU
	EndGlobalSection
	GlobalSection(ProjectConfigurationPlatforms) = postSolution
		{FAE49189-967F-480D-BB24-6DFB46D91046}.Debug|Any CPU.ActiveCfg = Debug|Any CPU
		{FAE49189-967F-480D-BB24-6DFB46D91046}.Debug|Any CPU.Build.0 = Debug|Any CPU
		{FAE49189-967F-480D-BB24-6DFB46D91046}.Release|Any CPU.ActiveCfg = Release|Any CPU
		{FAE49189-967F-480D-BB24-6DFB46D91046}.Release|Any CPU.Build.0 = Release|Any CPU
		{CDA40495-27E4-431F-991D-D0ABCA6D223A}.Debug|Any CPU.ActiveCfg = Debug|Any CPU
		{CDA40495-27E4-431F-991D-D0ABCA6D223A}.Debug|Any CPU.Build.0 = Debug|Any CPU
		{CDA40495-27E4-431F-991D-D0ABCA6D223A}.Release|Any CPU.ActiveCfg = Release|Any CPU
		{CDA40495-27E4-431F-991D-D0ABCA6D223A}.Release|Any CPU.Build.0 = Release|Any CPU
		{FD795809-4A86-437B-B632-1C7C3412F698}.Debug|Any CPU.ActiveCfg = Debug|Any CPU
		{FD795809-4A86-437B-B632-1C7C3412F698}.Debug|Any CPU.Build.0 = Debug|Any CPU
		{FD795809-4A86-437B-B632-1C7C3412F698}.Debug|Any CPU.Deploy.0 = Debug|Any CPU
		{FD795809-4A86-437B-B632-1C7C3412F698}.Release|Any CPU.ActiveCfg = Release|Any CPU
		{FD795809-4A86-437B-B632-1C7C3412F698}.Release|Any CPU.Build.0 = Release|Any CPU
		{FD795809-4A86-437B-B632-1C7C3412F698}.Release|Any CPU.Deploy.0 = Release|Any CPU
		{6EEF7D94-5A7F-439A-A57E-0486041206C7}.Debug|Any CPU.ActiveCfg = Debug|Any CPU
		{6EEF7D94-5A7F-439A-A57E-0486041206C7}.Debug|Any CPU.Build.0 = Debug|Any CPU
		{6EEF7D94-5A7F-439A-A57E-0486041206C7}.Release|Any CPU.ActiveCfg = Release|Any CPU
		{6EEF7D94-5A7F-439A-A57E-0486041206C7}.Release|Any CPU.Build.0 = Release|Any CPU
	EndGlobalSection
	GlobalSection(SolutionProperties) = preSolution
		HideSolutionNode = FALSE
	EndGlobalSection
	GlobalSection(NestedProjects) = preSolution
		{FAE49189-967F-480D-BB24-6DFB46D91046} = {B3EFCF19-BFEA-48DD-8A45-667164F9F018}
		{CDA40495-27E4-431F-991D-D0ABCA6D223A} = {B3EFCF19-BFEA-48DD-8A45-667164F9F018}
		{FD795809-4A86-437B-B632-1C7C3412F698} = {5934A692-23EA-4D09-AFAE-6E6C09F8AB18}
		{6EEF7D94-5A7F-439A-A57E-0486041206C7} = {33FEA9F1-74E2-4CE2-85DE-42EE0A3D7EEF}
	EndGlobalSection
	GlobalSection(ExtensibilityGlobals) = postSolution
		SolutionGuid = {8FC68729-AA00-477C-AA79-DF7D1B0C282E}
	EndGlobalSection
EndGlobal
